# This file is automatically @generated by Cargo.
# It is not intended for manual editing.
version = 4

[[package]]
name = "adler2"
version = "2.0.1"
source = "registry+https://github.com/rust-lang/crates.io-index"
checksum = "320119579fcad9c21884f5c4861d16174d0e06250625266f50fe6898340abefa"

[[package]]
name = "arrayvec"
version = "0.7.8"
source = "registry+https://github.com/rust-lang/crates.io-index"
checksum = "d3fb67a6e08acf24fdeccbac2cb6ac4305825bd1f117462e0e6f2f193345ad56"

[[package]]
name = "blake3"
version = "1.8.7"
source = "registry+https://github.com/rust-lang/crates.io-index"
checksum = "6d9e454fc11f76977dc803893aff6304ed33d6a26efae8696573bea74baa27ae"
dependencies = [
 "arrayvec",
 "cc",
 "cfg-if",
 "constant_time_eq",
 "cpufeatures",
]

[[package]]
name = "buffer-redux"
version = "1.1.0"
source = "registry+https://github.com/rust-lang/crates.io-index"
checksum = "431a9cc8d7efa49bc326729264537f5e60affce816c66edf434350778c9f4f54"
dependencies = [
 "memchr",
]

[[package]]
name = "bytecount"
version = "0.6.9"
source = "registry+https://github.com/rust-lang/crates.io-index"
checksum = "175812e0be2bccb6abe50bb8d566126198344f707e304f45c648fd8f2cc0365e"

[[package]]
name = "cc"
version = "1.4.3"
source = "registry+https://github.com/rust-lang/crates.io-index"
checksum = "509591b7bcd67f4ef775afad7662703b4935daaa6ec0e5605cfb1090b32a2b6d"
dependencies = [
 "find-msvc-tools",
 "shlex",
]

[[package]]
name = "cfg-if"
version = "1.0.4"
source = "registry+https://github.com/rust-lang/crates.io-index"
checksum = "9330f8b2ff13f34540b44e946ef35111825727b38d33286ef986142615121801"

[[package]]
name = "constant_time_eq"
version = "0.4.2"
source = "registry+https://github.com/rust-lang/crates.io-index"
checksum = "3d52eff69cd5e647efe296129160853a42795992097e8af39800e1060caeea9b"

[[package]]
name = "cpufeatures"
version = "0.3.0"
source = "registry+https://github.com/rust-lang/crates.io-index"
checksum = "8b2a41393f66f16b0823bb79094d54ac5fbd34ab292ddafb9a0456ac9f87d201"
dependencies = [
 "libc",
]

[[package]]
name = "find-msvc-tools"
version = "0.1.11"
source = "registry+https://github.com/rust-lang/crates.io-index"
checksum = "d45db016d36b838f563236e9193d0ee6ce38f3f68b6c94e914b4929c96bbb890"

[[package]]
name = "flate2"
version = "1.1.9"
source = "registry+https://github.com/rust-lang/crates.io-index"
checksum = "843fba2746e448b37e26a819579957415c8cef339bf08564fe8b7ddbd959573c"
dependencies = [
 "miniz_oxide",
 "zlib-rs",
]

[[package]]
name = "libc"
version = "0.2.189"
source = "registry+https://github.com/rust-lang/crates.io-index"
checksum = "3eaf3ede3fee6db1a4c2ee091bf8a8b4dccdc6d17f656fb07896ee72867612f2"

[[package]]
name = "libz-sys"
version = "1.1.29"
source = "registry+https://github.com/rust-lang/crates.io-index"
checksum = "85bc9657773828b90eeb625adff10eeac83cc21bbfd8e23a03eaa8a33c9e28d9"
dependencies = [
 "cc",
 "libc",
 "pkg-config",
 "vcpkg",
]

[[package]]
name = "memchr"
version = "2.8.3"
source = "registry+https://github.com/rust-lang/crates.io-index"
checksum = "cf8baf1c55e62ffcace7a9f06f4bd9cd3f0c4beb022d3b367256b91b87513d98"

[[package]]
name = "minimap2"
version = "0.1.31+minimap2.2.30"
source = "registry+https://github.com/rust-lang/crates.io-index"
checksum = "8ba9456bc1fc790617e793e9c684ae2e6a4bd475dacc6d64ea4f36aafdb161d8"
dependencies = [
 "libc",
 "minimap2-sys",
 "needletail",
]

[[package]]
name = "minimap2-sys"
version = "0.1.30+minimap2.2.30"
source = "registry+https://github.com/rust-lang/crates.io-index"
checksum = "a0daecfcba542b29dab8ae9516581fa3595bb5a3704389ab5a7ed3ee6aacea58"
dependencies = [
 "cc",
 "libz-sys",
 "paste",
 "pkg-config",
]

[[package]]
name = "miniz_oxide"
version = "0.8.9"
source = "registry+https://github.com/rust-lang/crates.io-index"
checksum = "1fa76a2c86f704bdb222d66965fb3d63269ce38518b83cb0575fca855ebb6316"
dependencies = [
 "adler2",
 "simd-adler32",
]

[[package]]
name = "needletail"
version = "0.6.3"
source = "registry+https://github.com/rust-lang/crates.io-index"
checksum = "6aa22e1ae8bce4ecf257e2475ef2046026caea08d66b1848d073fe7bc77e4351"
dependencies = [
 "buffer-redux",
 "bytecount",
 "memchr",
]

[[package]]
name = "paste"
version = "1.0.15"
source = "registry+https://github.com/rust-lang/crates.io-index"
checksum = "57c0d7b74b563b49d38dae00a0c37d4d6de9b432382b2892f0574ddcae73fd0a"

[[package]]
name = "pkg-config"
version = "0.3.34"
source = "registry+https://github.com/rust-lang/crates.io-index"
checksum = "f6b464fbc74e149a392436b17d523f769e057cb6877f6a5c4618bc6f11800548"

[[package]]
name = "shlex"
version = "2.0.1"
source = "registry+https://github.com/rust-lang/crates.io-index"
checksum = "f8fadd59c855ef2080decdef8ff161eb6661b86933c9d82e5ba29dc602a55aba"

[[package]]
name = "simd-adler32"
version = "0.3.10"
source = "registry+https://github.com/rust-lang/crates.io-index"
checksum = "3a219298ac11a56ea9a6d2120044824d6f01aeb034955e7af7bc16858527deea"

[[package]]
name = "vcpkg"
version = "0.2.15"
source = "registry+https://github.com/rust-lang/crates.io-index"
checksum = "accd4ea62f7bb7a82fe23066fb0957d48ef677f6eeb8215f372f52e48bb32426"

[[package]]
name = "viroflash"
version = "0.1.0"
dependencies = [
 "blake3",
 "flate2",
 "memchr",
 "minimap2",
]

[[package]]
name = "zlib-rs"
version = "0.6.3"
source = "registry+https://github.com/rust-lang/crates.io-index"
checksum = "3be3d40e40a133f9c916ee3f9f4fa2d9d63435b5fbe1bfc6d9dae0aa0ada1513"
